{
  "name": "router",
  "version": "0.0.0",
  "lockfileVersion": 2,
  "requires": true,
  "packages": {
    "": {
      "name": "router",
      "version": "0.0.0",
      "dependencies": {
        "lodash": "^4.17.21",
        "vue": "^3.2.25",
        "vue-router": "4"
      },
      "devDependencies": {
        "@types/lodash": "^4.14.182",
        "@types/node": "^17.0.29",
        "@vitejs/plugin-vue": "^2.3.1",
        "sass": "^1.51.0",
        "typescript": "^4.5.4",
        "vite": "^2.9.5",
        "vue-tsc": "^0.34.7"
      }
    },
    "node_modules/@babel/parser": {
      "version": "7.17.9",
      "resolved": "https://registry.npmmirror.com/@babel/parser/-/parser-7.17.9.tgz",
      "integrity": "sha512-vqUSBLP8dQHFPdPi9bc5GK9vRkYHJ49fsZdtoJ8EQ8ibpwk5rPKfvNIwChB0KVXcIjcepEBBd2VHC5r9Gy8ueg==",
      "license": "MIT",
      "bin": {
        "parser": "bin/babel-parser.js"
      },
      "engines": {
        "node": ">=6.0.0"
      }
    },
    "node_modules/@types/lodash": {
      "version": "4.14.182",
      "resolved": "https://registry.npmmirror.com/@types/lodash/-/lodash-4.14.182.tgz",
      "integrity": "sha512-/THyiqyQAP9AfARo4pF+aCGcyiQ94tX/Is2I7HofNRqoYLgN1PBoOWu2/zTA5zMxzP5EFutMtWtGAFRKUe961Q==",
      "dev": true
    },
    "node_modules/@types/node": {
      "version": "17.0.29",
      "resolved": "https://registry.npmmirror.com/@types/node/-/node-17.0.29.tgz",
      "integrity": "sha512-tx5jMmMFwx7wBwq/V7OohKDVb/JwJU5qCVkeLMh1//xycAJ/ESuw9aJ9SEtlCZDYi2pBfe4JkisSoAtbOsBNAA==",
      "dev": true
    },
    "node_modules/@vitejs/plugin-vue": {
      "version": "2.3.1",
      "resolved": "https://registry.npmmirror.com/@vitejs/plugin-vue/-/plugin-vue-2.3.1.tgz",
      "integrity": "sha512-YNzBt8+jt6bSwpt7LP890U1UcTOIZZxfpE5WOJ638PNxSEKOqAi0+FSKS0nVeukfdZ0Ai/H7AFd6k3hayfGZqQ==",
      "dev": true,
      "license": "MIT",
      "engines": {
        "node": ">=12.0.0"
      },
      "peerDependencies": {
        "vite": "^2.5.10",
        "vue": "^3.2.25"
      }
    },
    "node_modules/@volar/code-gen": {
      "version": "0.34.10",
      "resolved": "https://registry.npmmirror.com/@volar/code-gen/-/code-gen-0.34.10.tgz",
      "integrity": "sha512-Pygl26uA4CuQcDgNndeTSNOYF+NbShcV+rwWRy/nRNv1JB++1EbaQ60/ti8c5zTRoL4a8OtipKMq9Sw8LzpRIw==",
      "dev": true,
      "license": "MIT",
      "dependencies": {
        "@volar/source-map": "0.34.10"
      }
    },
    "node_modules/@volar/source-map": {
      "version": "0.34.10",
      "resolved": "https://registry.npmmirror.com/@volar/source-map/-/source-map-0.34.10.tgz",
      "integrity": "sha512-DBSUGNJB2B08U6Ut14ZJSEOcBS7eV/aiinhoLbMrEe/HJtZRcnPuyE8f0c2BvmRM2LK8WQx77V54/lw/Ra8WDA==",
      "dev": true,
      "license": "MIT"
    },
    "node_modules/@volar/vue-code-gen": {
      "version": "0.34.10",
      "resolved": "https://registry.npmmirror.com/@volar/vue-code-gen/-/vue-code-gen-0.34.10.tgz",
      "integrity": "sha512-oK5gat5AHllSMJzY+UMbttJvAjoUGzicXxLHoIwb6DTHpfcf2pADYUndiw5kSYHo+2Xd/+U1c9D8FUOJ+JHAFw==",
      "dev": true,
      "license": "MIT",
      "dependencies": {
        "@volar/code-gen": "0.34.10",
        "@volar/source-map": "0.34.10",
        "@vue/compiler-core": "^3.2.31",
        "@vue/compiler-dom": "^3.2.31",
        "@vue/shared": "^3.2.31"
      }
    },
    "node_modules/@volar/vue-typescript": {
      "version": "0.34.10",
      "resolved": "https://registry.npmmirror.com/@volar/vue-typescript/-/vue-typescript-0.34.10.tgz",
      "integrity": "sha512-FCGSqLC+T/AcBUFXoFniPKLa/fLslBuHsepUmId8dG5ROXZhQaJ5h4fkA87247SWb7z4o9mI6v86xevXEjRVKw==",
      "dev": true,
      "license": "MIT",
      "dependencies": {
        "@volar/code-gen": "0.34.10",
        "@volar/source-map": "0.34.10",
        "@volar/vue-code-gen": "0.34.10",
        "@vue/compiler-sfc": "^3.2.31",
        "@vue/reactivity": "^3.2.31"
      }
    },
    "node_modules/@vue/compiler-core": {
      "version": "3.2.33",
      "resolved": "https://registry.npmmirror.com/@vue/compiler-core/-/compiler-core-3.2.33.tgz",
      "integrity": "sha512-AAmr52ji3Zhk7IKIuigX2osWWsb2nQE5xsdFYjdnmtQ4gymmqXbjLvkSE174+fF3A3kstYrTgGkqgOEbsdLDpw==",
      "license": "MIT",
      "dependencies": {
        "@babel/parser": "^7.16.4",
        "@vue/shared": "3.2.33",
        "estree-walker": "^2.0.2",
        "source-map": "^0.6.1"
      }
    },
    "node_modules/@vue/compiler-dom": {
      "version": "3.2.33",
      "resolved": "https://registry.npmmirror.com/@vue/compiler-dom/-/compiler-dom-3.2.33.tgz",
      "integrity": "sha512-GhiG1C8X98Xz9QUX/RlA6/kgPBWJkjq0Rq6//5XTAGSYrTMBgcLpP9+CnlUg1TFxnnCVughAG+KZl28XJqw8uQ==",
      "license": "MIT",
      "dependencies": {
        "@vue/compiler-core": "3.2.33",
        "@vue/shared": "3.2.33"
      }
    },
    "node_modules/@vue/compiler-sfc": {
      "version": "3.2.33",
      "resolved": "https://registry.npmmirror.com/@vue/compiler-sfc/-/compiler-sfc-3.2.33.tgz",
      "integrity": "sha512-H8D0WqagCr295pQjUYyO8P3IejM3vEzeCO1apzByAEaAR/WimhMYczHfZVvlCE/9yBaEu/eu9RdiWr0kF8b71Q==",
      "license": "MIT",
      "dependencies": {
        "@babel/parser": "^7.16.4",
        "@vue/compiler-core": "3.2.33",
        "@vue/compiler-dom": "3.2.33",
        "@vue/compiler-ssr": "3.2.33",
        "@vue/reactivity-transform": "3.2.33",
        "@vue/shared": "3.2.33",
        "estree-walker": "^2.0.2",
        "magic-string": "^0.25.7",
        "postcss": "^8.1.10",
        "source-map": "^0.6.1"
      }
    },
    "node_modules/@vue/compiler-ssr": {
      "version": "3.2.33",
      "resolved": "https://registry.npmmirror.com/@vue/compiler-ssr/-/compiler-ssr-3.2.33.tgz",
      "integrity": "sha512-XQh1Xdk3VquDpXsnoCd7JnMoWec9CfAzQDQsaMcSU79OrrO2PNR0ErlIjm/mGq3GmBfkQjzZACV+7GhfRB8xMQ==",
      "license": "MIT",
      "dependencies": {
        "@vue/compiler-dom": "3.2.33",
        "@vue/shared": "3.2.33"
      }
    },
    "node_modules/@vue/devtools-api": {
      "version": "6.1.4",
      "resolved": "https://registry.npmmirror.com/@vue/devtools-api/-/devtools-api-6.1.4.tgz",
      "integrity": "sha512-IiA0SvDrJEgXvVxjNkHPFfDx6SXw0b/TUkqMcDZWNg9fnCAHbTpoo59YfJ9QLFkwa3raau5vSlRVzMSLDnfdtQ==",
      "license": "MIT"
    },
    "node_modules/@vue/reactivity": {
      "version": "3.2.33",
      "resolved": "https://registry.npmmirror.com/@vue/reactivity/-/reactivity-3.2.33.tgz",
      "integrity": "sha512-62Sq0mp9/0bLmDuxuLD5CIaMG2susFAGARLuZ/5jkU1FCf9EDbwUuF+BO8Ub3Rbodx0ziIecM/NsmyjardBxfQ==",
      "license": "MIT",
      "dependencies": {
        "@vue/shared": "3.2.33"
      }
    },
    "node_modules/@vue/reactivity-transform": {
      "version": "3.2.33",
      "resolved": "https://registry.npmmirror.com/@vue/reactivity-transform/-/reactivity-transform-3.2.33.tgz",
      "integrity": "sha512-4UL5KOIvSQb254aqenW4q34qMXbfZcmEsV/yVidLUgvwYQQ/D21bGX3DlgPUGI3c4C+iOnNmDCkIxkILoX/Pyw==",
      "license": "MIT",
      "dependencies": {
        "@babel/parser": "^7.16.4",
        "@vue/compiler-core": "3.2.33",
        "@vue/shared": "3.2.33",
        "estree-walker": "^2.0.2",
        "magic-string": "^0.25.7"
      }
    },
    "node_modules/@vue/runtime-core": {
      "version": "3.2.33",
      "resolved": "https://registry.npmmirror.com/@vue/runtime-core/-/runtime-core-3.2.33.tgz",
      "integrity": "sha512-N2D2vfaXsBPhzCV3JsXQa2NECjxP3eXgZlFqKh4tgakp3iX6LCGv76DLlc+IfFZq+TW10Y8QUfeihXOupJ1dGw==",
      "license": "MIT",
      "dependencies": {
        "@vue/reactivity": "3.2.33",
        "@vue/shared": "3.2.33"
      }
    },
    "node_modules/@vue/runtime-dom": {
      "version": "3.2.33",
      "resolved": "https://registry.npmmirror.com/@vue/runtime-dom/-/runtime-dom-3.2.33.tgz",
      "integrity": "sha512-LSrJ6W7CZTSUygX5s8aFkraDWlO6K4geOwA3quFF2O+hC3QuAMZt/0Xb7JKE3C4JD4pFwCSO7oCrZmZ0BIJUnw==",
      "license": "MIT",
      "dependencies": {
        "@vue/runtime-core": "3.2.33",
        "@vue/shared": "3.2.33",
        "csstype": "^2.6.8"
      }
    },
    "node_modules/@vue/server-renderer": {
      "version": "3.2.33",
      "resolved": "https://registry.npmmirror.com/@vue/server-renderer/-/server-renderer-3.2.33.tgz",
      "integrity": "sha512-4jpJHRD4ORv8PlbYi+/MfP8ec1okz6rybe36MdpkDrGIdEItHEUyaHSKvz+ptNEyQpALmmVfRteHkU9F8vxOew==",
      "license": "MIT",
      "dependencies": {
        "@vue/compiler-ssr": "3.2.33",
        "@vue/shared": "3.2.33"
      },
      "peerDependencies": {
        "vue": "3.2.33"
      }
    },
    "node_modules/@vue/shared": {
      "version": "3.2.33",
      "resolved": "https://registry.npmmirror.com/@vue/shared/-/shared-3.2.33.tgz",
      "integrity": "sha512-UBc1Pg1T3yZ97vsA2ueER0F6GbJebLHYlEi4ou1H5YL4KWvMOOWwpYo9/QpWq93wxKG6Wo13IY74Hcn/f7c7Bg==",
      "license": "MIT"
    },
    "node_modules/anymatch": {
      "version": "3.1.2",
      "resolved": "https://registry.npmmirror.com/anymatch/-/anymatch-3.1.2.tgz",
      "integrity": "sha512-P43ePfOAIupkguHUycrc4qJ9kz8ZiuOUijaETwX7THt0Y/GNK7v0aa8rY816xWjZ7rJdA5XdMcpVFTKMq+RvWg==",
      "dev": true,
      "license": "ISC",
      "dependencies": {
        "normalize-path": "^3.0.0",
        "picomatch": "^2.0.4"
      },
      "engines": {
        "node": ">= 8"
      }
    },
    "node_modules/binary-extensions": {
      "version": "2.2.0",
      "resolved": "https://registry.npmmirror.com/binary-extensions/-/binary-extensions-2.2.0.tgz",
      "integrity": "sha512-jDctJ/IVQbZoJykoeHbhXpOlNBqGNcwXJKJog42E5HDPUwQTSdjCHdihjj0DlnheQ7blbT6dHOafNAiS8ooQKA==",
      "dev": true,
      "license": "MIT",
      "engines": {
        "node": ">=8"
      }
    },
    "node_modules/braces": {
      "version": "3.0.2",
      "resolved": "https://registry.npmmirror.com/braces/-/braces-3.0.2.tgz",
      "integrity": "sha512-b8um+L1RzM3WDSzvhm6gIz1yfTbBt6YTlcEKAvsmqCZZFw46z626lVj9j1yEPW33H5H+lBQpZMP1k8l+78Ha0A==",
      "dev": true,
      "license": "MIT",
      "dependencies": {
        "fill-range": "^7.0.1"
      },
      "engines": {
        "node": ">=8"
      }
    },
    "node_modules/chokidar": {
      "version": "3.5.3",
      "resolved": "https://registry.npmmirror.com/chokidar/-/chokidar-3.5.3.tgz",
      "integrity": "sha512-Dr3sfKRP6oTcjf2JmUmFJfeVMvXBdegxB0iVQ5eb2V10uFJUCAS8OByZdVAyVb8xXNz3GjjTgj9kLWsZTqE6kw==",
      "dev": true,
      "funding": [
        {
          "type": "individual",
          "url": "https://paulmillr.com/funding/"
        }
      ],
      "license": "MIT",
      "dependencies": {
        "anymatch": "~3.1.2",
        "braces": "~3.0.2",
        "glob-parent": "~5.1.2",
        "is-binary-path": "~2.1.0",
        "is-glob": "~4.0.1",
        "normalize-path": "~3.0.0",
        "readdirp": "~3.6.0"
      },
      "engines": {
        "node": ">= 8.10.0"
      },
      "optionalDependencies": {
        "fsevents": "~2.3.2"
      }
    },
    "node_modules/csstype": {
      "version": "2.6.20",
      "resolved": "https://registry.npmmirror.com/csstype/-/csstype-2.6.20.tgz",
      "integrity": "sha512-/WwNkdXfckNgw6S5R125rrW8ez139lBHWouiBvX8dfMFtcn6V81REDqnH7+CRpRipfYlyU1CmOnOxrmGcFOjeA==",
      "license": "MIT"
    },
    "node_modules/esbuild": {
      "version": "0.14.38",
      "resolved": "https://registry.npmmirror.com/esbuild/-/esbuild-0.14.38.tgz",
      "integrity": "sha512-12fzJ0fsm7gVZX1YQ1InkOE5f9Tl7cgf6JPYXRJtPIoE0zkWAbHdPHVPPaLi9tYAcEBqheGzqLn/3RdTOyBfcA==",
      "dev": true,
      "hasInstallScript": true,
      "license": "MIT",
      "bin": {
        "esbuild": "bin/esbuild"
      },
      "engines": {
        "node": ">=12"
      },
      "optionalDependencies": {
        "esbuild-android-64": "0.14.38",
        "esbuild-android-arm64": "0.14.38",
        "esbuild-darwin-64": "0.14.38",
        "esbuild-darwin-arm64": "0.14.38",
        "esbuild-freebsd-64": "0.14.38",
        "esbuild-freebsd-arm64": "0.14.38",
        "esbuild-linux-32": "0.14.38",
        "esbuild-linux-64": "0.14.38",
        "esbuild-linux-arm": "0.14.38",
        "esbuild-linux-arm64": "0.14.38",
        "esbuild-linux-mips64le": "0.14.38",
        "esbuild-linux-ppc64le": "0.14.38",
        "esbuild-linux-riscv64": "0.14.38",
        "esbuild-linux-s390x": "0.14.38",
        "esbuild-netbsd-64": "0.14.38",
        "esbuild-openbsd-64": "0.14.38",
        "esbuild-sunos-64": "0.14.38",
        "esbuild-windows-32": "0.14.38",
        "esbuild-windows-64": "0.14.38",
        "esbuild-windows-arm64": "0.14.38"
      }
    },
    "node_modules/esbuild-windows-32": {
      "version": "0.14.38",
      "resolved": "https://registry.npmmirror.com/esbuild-windows-32/-/esbuild-windows-32-0.14.38.tgz",
      "integrity": "sha512-L2BmEeFZATAvU+FJzJiRLFUP+d9RHN+QXpgaOrs2klshoAm1AE6Us4X6fS9k33Uy5SzScn2TpcgecbqJza1Hjw==",
      "cpu": [
        "ia32"
      ],
      "dev": true,
      "license": "MIT",
      "optional": true,
      "os": [
        "win32"
      ],
      "engines": {
        "node": ">=12"
      }
    },
    "node_modules/estree-walker": {
      "version": "2.0.2",
      "resolved": "https://registry.npmmirror.com/estree-walker/-/estree-walker-2.0.2.tgz",
      "integrity": "sha512-Rfkk/Mp/DL7JVje3u18FxFujQlTNR2q6QfMSMB7AvCBx91NGj/ba3kCfza0f6dVDbw7YlRf/nDrn7pQrCCyQ/w==",
      "license": "MIT"
    },
    "node_modules/fill-range": {
      "version": "7.0.1",
      "resolved": "https://registry.npmmirror.com/fill-range/-/fill-range-7.0.1.tgz",
      "integrity": "sha512-qOo9F+dMUmC2Lcb4BbVvnKJxTPjCm+RRpe4gDuGrzkL7mEVl/djYSu2OdQ2Pa302N4oqkSg9ir6jaLWJ2USVpQ==",
      "dev": true,
      "license": "MIT",
      "dependencies": {
        "to-regex-range": "^5.0.1"
      },
      "engines": {
        "node": ">=8"
      }
    },
    "node_modules/function-bind": {
      "version": "1.1.1",
      "resolved": "https://registry.npmmirror.com/function-bind/-/function-bind-1.1.1.tgz",
      "integrity": "sha512-yIovAzMX49sF8Yl58fSCWJ5svSLuaibPxXQJFLmBObTuCr0Mf1KiPopGM9NiFjiYBCbfaa2Fh6breQ6ANVTI0A==",
      "dev": true,
      "license": "MIT"
    },
    "node_modules/glob-parent": {
      "version": "5.1.2",
      "resolved": "https://registry.npmmirror.com/glob-parent/-/glob-parent-5.1.2.tgz",
      "integrity": "sha512-AOIgSQCepiJYwP3ARnGx+5VnTu2HBYdzbGP45eLw1vr3zB3vZLeyed1sC9hnbcOc9/SrMyM5RPQrkGz4aS9Zow==",
      "dev": true,
      "license": "ISC",
      "dependencies": {
        "is-glob": "^4.0.1"
      },
      "engines": {
        "node": ">= 6"
      }
    },
    "node_modules/has": {
      "version": "1.0.3",
      "resolved": "https://registry.npmmirror.com/has/-/has-1.0.3.tgz",
      "integrity": "sha512-f2dvO0VU6Oej7RkWJGrehjbzMAjFp5/VKPp5tTpWIV4JHHZK1/BxbFRtf/siA2SWTe09caDmVtYYzWEIbBS4zw==",
      "dev": true,
      "license": "MIT",
      "dependencies": {
        "function-bind": "^1.1.1"
      },
      "engines": {
        "node": ">= 0.4.0"
      }
    },
    "node_modules/immutable": {
      "version": "4.0.0",
      "resolved": "https://registry.npmmirror.com/immutable/-/immutable-4.0.0.tgz",
      "integrity": "sha512-zIE9hX70qew5qTUjSS7wi1iwj/l7+m54KWU247nhM3v806UdGj1yDndXj+IOYxxtW9zyLI+xqFNZjTuDaLUqFw==",
      "dev": true,
      "license": "MIT"
    },
    "node_modules/is-binary-path": {
      "version": "2.1.0",
      "resolved": "https://registry.npmmirror.com/is-binary-path/-/is-binary-path-2.1.0.tgz",
      "integrity": "sha512-ZMERYes6pDydyuGidse7OsHxtbI7WVeUEozgR/g7rd0xUimYNlvZRE/K2MgZTjWy725IfelLeVcEM97mmtRGXw==",
      "dev": true,
      "license": "MIT",
      "dependencies": {
        "binary-extensions": "^2.0.0"
      },
      "engines": {
        "node": ">=8"
      }
    },
    "node_modules/is-core-module": {
      "version": "2.9.0",
      "resolved": "https://registry.npmmirror.com/is-core-module/-/is-core-module-2.9.0.tgz",
      "integrity": "sha512-+5FPy5PnwmO3lvfMb0AsoPaBG+5KHUI0wYFXOtYPnVVVspTFUuMZNfNaNVRt3FZadstu2c8x23vykRW/NBoU6A==",
      "dev": true,
      "license": "MIT",
      "dependencies": {
        "has": "^1.0.3"
      },
      "funding": {
        "url": "https://github.com/sponsors/ljharb"
      }
    },
    "node_modules/is-extglob": {
      "version": "2.1.1",
      "resolved": "https://registry.npmmirror.com/is-extglob/-/is-extglob-2.1.1.tgz",
      "integrity": "sha512-SbKbANkN603Vi4jEZv49LeVJMn4yGwsbzZworEoyEiutsN3nJYdbO36zfhGJ6QEDpOZIFkDtnq5JRxmvl3jsoQ==",
      "dev": true,
      "license": "MIT",
      "engines": {
        "node": ">=0.10.0"
      }
    },
    "node_modules/is-glob": {
      "version": "4.0.3",
      "resolved": "https://registry.npmmirror.com/is-glob/-/is-glob-4.0.3.tgz",
      "integrity": "sha512-xelSayHH36ZgE7ZWhli7pW34hNbNl8Ojv5KVmkJD4hBdD3th8Tfk9vYasLM+mXWOZhFkgZfxhLSnrwRr4elSSg==",
      "dev": true,
      "license": "MIT",
      "dependencies": {
        "is-extglob": "^2.1.1"
      },
      "engines": {
        "node": ">=0.10.0"
      }
    },
    "node_modules/is-number": {
      "version": "7.0.0",
      "resolved": "https://registry.npmmirror.com/is-number/-/is-number-7.0.0.tgz",
      "integrity": "sha512-41Cifkg6e8TylSpdtTpeLVMqvSBEVzTttHvERD741+pnZ8ANv0004MRL43QKPDlK9cGvNp6NZWZUBlbGXYxxng==",
      "dev": true,
      "license": "MIT",
      "engines": {
        "node": ">=0.12.0"
      }
    },
    "node_modules/lodash": {
      "version": "4.17.21",
      "resolved": "https://registry.npmmirror.com/lodash/-/lodash-4.17.21.tgz",
      "integrity": "sha512-v2kDEe57lecTulaDIuNTPy3Ry4gLGJ6Z1O3vE1krgXZNrsQ+LFTGHVxVjcXPs17LhbZVGedAJv8XZ1tvj5FvSg=="
    },
    "node_modules/magic-string": {
      "version": "0.25.9",
      "resolved": "https://registry.npmmirror.com/magic-string/-/magic-string-0.25.9.tgz",
      "integrity": "sha512-RmF0AsMzgt25qzqqLc1+MbHmhdx0ojF2Fvs4XnOqz2ZOBXzzkEwc/dJQZCYHAn7v1jbVOjAZfK8msRn4BxO4VQ==",
      "license": "MIT",
      "dependencies": {
        "sourcemap-codec": "^1.4.8"
      }
    },
    "node_modules/nanoid": {
      "version": "3.3.3",
      "resolved": "https://registry.npmmirror.com/nanoid/-/nanoid-3.3.3.tgz",
      "integrity": "sha512-p1sjXuopFs0xg+fPASzQ28agW1oHD7xDsd9Xkf3T15H3c/cifrFHVwrh74PdoklAPi+i7MdRsE47vm2r6JoB+w==",
      "license": "MIT",
      "bin": {
        "nanoid": "bin/nanoid.cjs"
      },
      "engines": {
        "node": "^10 || ^12 || ^13.7 || ^14 || >=15.0.1"
      }
    },
    "node_modules/normalize-path": {
      "version": "3.0.0",
      "resolved": "https://registry.npmmirror.com/normalize-path/-/normalize-path-3.0.0.tgz",
      "integrity": "sha512-6eZs5Ls3WtCisHWp9S2GUy8dqkpGi4BVSz3GaqiE6ezub0512ESztXUwUB6C6IKbQkY2Pnb/mD4WYojCRwcwLA==",
      "dev": true,
      "license": "MIT",
      "engines": {
        "node": ">=0.10.0"
      }
    },
    "node_modules/path-parse": {
      "version": "1.0.7",
      "resolved": "https://registry.npmmirror.com/path-parse/-/path-parse-1.0.7.tgz",
      "integrity": "sha512-LDJzPVEEEPR+y48z93A0Ed0yXb8pAByGWo/k5YYdYgpY2/2EsOsksJrq7lOHxryrVOn1ejG6oAp8ahvOIQD8sw==",
      "dev": true,
      "license": "MIT"
    },
    "node_modules/picocolors": {
      "version": "1.0.0",
      "resolved": "https://registry.npmmirror.com/picocolors/-/picocolors-1.0.0.tgz",
      "integrity": "sha512-1fygroTLlHu66zi26VoTDv8yRgm0Fccecssto+MhsZ0D/DGW2sm8E8AjW7NU5VVTRt5GxbeZ5qBuJr+HyLYkjQ==",
      "license": "ISC"
    },
    "node_modules/picomatch": {
      "version": "2.3.1",
      "resolved": "https://registry.npmmirror.com/picomatch/-/picomatch-2.3.1.tgz",
      "integrity": "sha512-JU3teHTNjmE2VCGFzuY8EXzCDVwEqB2a8fsIvwaStHhAWJEeVd1o1QD80CU6+ZdEXXSLbSsuLwJjkCBWqRQUVA==",
      "dev": true,
      "license": "MIT",
      "engines": {
        "node": ">=8.6"
      },
      "funding": {
        "url": "https://github.com/sponsors/jonschlinkert"
      }
    },
    "node_modules/postcss": {
      "version": "8.4.12",
      "resolved": "https://registry.npmmirror.com/postcss/-/postcss-8.4.12.tgz",
      "integrity": "sha512-lg6eITwYe9v6Hr5CncVbK70SoioNQIq81nsaG86ev5hAidQvmOeETBqs7jm43K2F5/Ley3ytDtriImV6TpNiSg==",
      "funding": [
        {
          "type": "opencollective",
          "url": "https://opencollective.com/postcss/"
        },
        {
          "type": "tidelift",
          "url": "https://tidelift.com/funding/github/npm/postcss"
        }
      ],
      "license": "MIT",
      "dependencies": {
        "nanoid": "^3.3.1",
        "picocolors": "^1.0.0",
        "source-map-js": "^1.0.2"
      },
      "engines": {
        "node": "^10 || ^12 || >=14"
      }
    },
    "node_modules/readdirp": {
      "version": "3.6.0",
      "resolved": "https://registry.npmmirror.com/readdirp/-/readdirp-3.6.0.tgz",
      "integrity": "sha512-hOS089on8RduqdbhvQ5Z37A0ESjsqz6qnRcffsMU3495FuTdqSm+7bhJ29JvIOsBDEEnan5DPu9t3To9VRlMzA==",
      "dev": true,
      "license": "MIT",
      "dependencies": {
        "picomatch": "^2.2.1"
      },
      "engines": {
        "node": ">=8.10.0"
      }
    },
    "node_modules/resolve": {
      "version": "1.22.0",
      "resolved": "https://registry.npmmirror.com/resolve/-/resolve-1.22.0.tgz",
      "integrity": "sha512-Hhtrw0nLeSrFQ7phPp4OOcVjLPIeMnRlr5mcnVuMe7M/7eBn98A3hmFRLoFo3DLZkivSYwhRUJTyPyWAk56WLw==",
      "dev": true,
      "license": "MIT",
      "dependencies": {
        "is-core-module": "^2.8.1",
        "path-parse": "^1.0.7",
        "supports-preserve-symlinks-flag": "^1.0.0"
      },
      "bin": {
        "resolve": "bin/resolve"
      },
      "funding": {
        "url": "https://github.com/sponsors/ljharb"
      }
    },
    "node_modules/rollup": {
      "version": "2.70.2",
      "resolved": "https://registry.npmmirror.com/rollup/-/rollup-2.70.2.tgz",
      "integrity": "sha512-EitogNZnfku65I1DD5Mxe8JYRUCy0hkK5X84IlDtUs+O6JRMpRciXTzyCUuX11b5L5pvjH+OmFXiQ3XjabcXgg==",
      "dev": true,
      "license": "MIT",
      "bin": {
        "rollup": "dist/bin/rollup"
      },
      "engines": {
        "node": ">=10.0.0"
      },
      "optionalDependencies": {
        "fsevents": "~2.3.2"
      }
    },
    "node_modules/sass": {
      "version": "1.51.0",
      "resolved": "https://registry.npmmirror.com/sass/-/sass-1.51.0.tgz",
      "integrity": "sha512-haGdpTgywJTvHC2b91GSq+clTKGbtkkZmVAb82jZQN/wTy6qs8DdFm2lhEQbEwrY0QDRgSQ3xDurqM977C3noA==",
      "dev": true,
      "license": "MIT",
      "dependencies": {
        "chokidar": ">=3.0.0 <4.0.0",
        "immutable": "^4.0.0",
        "source-map-js": ">=0.6.2 <2.0.0"
      },
      "bin": {
        "sass": "sass.js"
      },
      "engines": {
        "node": ">=12.0.0"
      }
    },
    "node_modules/source-map": {
      "version": "0.6.1",
      "resolved": "https://registry.npmmirror.com/source-map/-/source-map-0.6.1.tgz",
      "integrity": "sha512-UjgapumWlbMhkBgzT7Ykc5YXUT46F0iKu8SGXq0bcwP5dz/h0Plj6enJqjz1Zbq2l5WaqYnrVbwWOWMyF3F47g==",
      "license": "BSD-3-Clause",
      "engines": {
        "node": ">=0.10.0"
      }
    },
    "node_modules/source-map-js": {
      "version": "1.0.2",
      "resolved": "https://registry.npmmirror.com/source-map-js/-/source-map-js-1.0.2.tgz",
      "integrity": "sha512-R0XvVJ9WusLiqTCEiGCmICCMplcCkIwwR11mOSD9CR5u+IXYdiseeEuXCVAjS54zqwkLcPNnmU4OeJ6tUrWhDw==",
      "license": "BSD-3-Clause",
      "engines": {
        "node": ">=0.10.0"
      }
    },
    "node_modules/sourcemap-codec": {
      "version": "1.4.8",
      "resolved": "https://registry.npmmirror.com/sourcemap-codec/-/sourcemap-codec-1.4.8.tgz",
      "integrity": "sha512-9NykojV5Uih4lgo5So5dtw+f0JgJX30KCNI8gwhz2J9A15wD0Ml6tjHKwf6fTSa6fAdVBdZeNOs9eJ71qCk8vA==",
      "license": "MIT"
    },
    "node_modules/supports-preserve-symlinks-flag": {
      "version": "1.0.0",
      "resolved": "https://registry.npmmirror.com/supports-preserve-symlinks-flag/-/supports-preserve-symlinks-flag-1.0.0.tgz",
      "integrity": "sha512-ot0WnXS9fgdkgIcePe6RHNk1WA8+muPa6cSjeR3V8K27q9BB1rTE3R1p7Hv0z1ZyAc8s6Vvv8DIyWf681MAt0w==",
      "dev": true,
      "license": "MIT",
      "engines": {
        "node": ">= 0.4"
      },
      "funding": {
        "url": "https://github.com/sponsors/ljharb"
      }
    },
    "node_modules/to-regex-range": {
      "version": "5.0.1",
      "resolved": "https://registry.npmmirror.com/to-regex-range/-/to-regex-range-5.0.1.tgz",
      "integrity": "sha512-65P7iz6X5yEr1cwcgvQxbbIw7Uk3gOy5dIdtZ4rDveLqhrdJP+Li/Hx6tyK0NEb+2GCyneCMJiGqrADCSNk8sQ==",
      "dev": true,
      "license": "MIT",
      "dependencies": {
        "is-number": "^7.0.0"
      },
      "engines": {
        "node": ">=8.0"
      }
    },
    "node_modules/typescript": {
      "version": "4.6.3",
      "resolved": "https://registry.npmmirror.com/typescript/-/typescript-4.6.3.tgz",
      "integrity": "sha512-yNIatDa5iaofVozS/uQJEl3JRWLKKGJKh6Yaiv0GLGSuhpFJe7P3SbHZ8/yjAHRQwKRoA6YZqlfjXWmVzoVSMw==",
      "dev": true,
      "license": "Apache-2.0",
      "bin": {
        "tsc": "bin/tsc",
        "tsserver": "bin/tsserver"
      },
      "engines": {
        "node": ">=4.2.0"
      }
    },
    "node_modules/vite": {
      "version": "2.9.6",
      "resolved": "https://registry.npmmirror.com/vite/-/vite-2.9.6.tgz",
      "integrity": "sha512-3IffdrByHW95Yjv0a13TQOQfJs7L5dVlSPuTt432XLbRMriWbThqJN2k/IS6kXn5WY4xBLhK9XoaWay1B8VzUw==",
      "dev": true,
      "license": "MIT",
      "dependencies": {
        "esbuild": "^0.14.27",
        "postcss": "^8.4.12",
        "resolve": "^1.22.0",
        "rollup": "^2.59.0"
      },
      "bin": {
        "vite": "bin/vite.js"
      },
      "engines": {
        "node": ">=12.2.0"
      },
      "optionalDependencies": {
        "fsevents": "~2.3.2"
      },
      "peerDependencies": {
        "less": "*",
        "sass": "*",
        "stylus": "*"
      },
      "peerDependenciesMeta": {
        "less": {
          "optional": true
        },
        "sass": {
          "optional": true
        },
        "stylus": {
          "optional": true
        }
      }
    },
    "node_modules/vue": {
      "version": "3.2.33",
      "resolved": "https://registry.npmmirror.com/vue/-/vue-3.2.33.tgz",
      "integrity": "sha512-si1ExAlDUrLSIg/V7D/GgA4twJwfsfgG+t9w10z38HhL/HA07132pUQ2KuwAo8qbCyMJ9e6OqrmWrOCr+jW7ZQ==",
      "license": "MIT",
      "dependencies": {
        "@vue/compiler-dom": "3.2.33",
        "@vue/compiler-sfc": "3.2.33",
        "@vue/runtime-dom": "3.2.33",
        "@vue/server-renderer": "3.2.33",
        "@vue/shared": "3.2.33"
      }
    },
    "node_modules/vue-router": {
      "version": "4.0.14",
      "resolved": "https://registry.npmmirror.com/vue-router/-/vue-router-4.0.14.tgz",
      "integrity": "sha512-wAO6zF9zxA3u+7AkMPqw9LjoUCjSxfFvINQj3E/DceTt6uEz1XZLraDhdg2EYmvVwTBSGlLYsUw8bDmx0754Mw==",
      "license": "MIT",
      "dependencies": {
        "@vue/devtools-api": "^6.0.0"
      },
      "funding": {
        "url": "https://github.com/sponsors/posva"
      },
      "peerDependencies": {
        "vue": "^3.2.0"
      }
    },
    "node_modules/vue-tsc": {
      "version": "0.34.10",
      "resolved": "https://registry.npmmirror.com/vue-tsc/-/vue-tsc-0.34.10.tgz",
      "integrity": "sha512-rWU4SjDqk9ylQN2hbnyP+rEu8W2a712DWUmciX6rDnId1m8sN/cuypTKjWjHHjaBLWNKULoEakRTOvrQ4ainhw==",
      "dev": true,
      "license": "MIT",
      "dependencies": {
        "@volar/vue-typescript": "0.34.10"
      },
      "bin": {
        "vue-tsc": "bin/vue-tsc.js"
      },
      "peerDependencies": {
        "typescript": "*"
      }
    }
  },
  "dependencies": {
    "@babel/parser": {
      "version": "7.17.9",
      "resolved": "https://registry.npmmirror.com/@babel/parser/-/parser-7.17.9.tgz",
      "integrity": "sha512-vqUSBLP8dQHFPdPi9bc5GK9vRkYHJ49fsZdtoJ8EQ8ibpwk5rPKfvNIwChB0KVXcIjcepEBBd2VHC5r9Gy8ueg=="
    },
    "@types/lodash": {
      "version": "4.14.182",
      "resolved": "https://registry.npmmirror.com/@types/lodash/-/lodash-4.14.182.tgz",
      "integrity": "sha512-/THyiqyQAP9AfARo4pF+aCGcyiQ94tX/Is2I7HofNRqoYLgN1PBoOWu2/zTA5zMxzP5EFutMtWtGAFRKUe961Q==",
      "dev": true
    },
    "@types/node": {
      "version": "17.0.29",
      "resolved": "https://registry.npmmirror.com/@types/node/-/node-17.0.29.tgz",
      "integrity": "sha512-tx5jMmMFwx7wBwq/V7OohKDVb/JwJU5qCVkeLMh1//xycAJ/ESuw9aJ9SEtlCZDYi2pBfe4JkisSoAtbOsBNAA==",
      "dev": true
    },
    "@vitejs/plugin-vue": {
      "version": "2.3.1",
      "resolved": "https://registry.npmmirror.com/@vitejs/plugin-vue/-/plugin-vue-2.3.1.tgz",
      "integrity": "sha512-YNzBt8+jt6bSwpt7LP890U1UcTOIZZxfpE5WOJ638PNxSEKOqAi0+FSKS0nVeukfdZ0Ai/H7AFd6k3hayfGZqQ==",
      "dev": true,
      "requires": {}
    },
    "@volar/code-gen": {
      "version": "0.34.10",
      "resolved": "https://registry.npmmirror.com/@volar/code-gen/-/code-gen-0.34.10.tgz",
      "integrity": "sha512-Pygl26uA4CuQcDgNndeTSNOYF+NbShcV+rwWRy/nRNv1JB++1EbaQ60/ti8c5zTRoL4a8OtipKMq9Sw8LzpRIw==",
      "dev": true,
      "requires": {
        "@volar/source-map": "0.34.10"
      }
    },
    "@volar/source-map": {
      "version": "0.34.10",
      "resolved": "https://registry.npmmirror.com/@volar/source-map/-/source-map-0.34.10.tgz",
      "integrity": "sha512-DBSUGNJB2B08U6Ut14ZJSEOcBS7eV/aiinhoLbMrEe/HJtZRcnPuyE8f0c2BvmRM2LK8WQx77V54/lw/Ra8WDA==",
      "dev": true
    },
    "@volar/vue-code-gen": {
      "version": "0.34.10",
      "resolved": "https://registry.npmmirror.com/@volar/vue-code-gen/-/vue-code-gen-0.34.10.tgz",
      "integrity": "sha512-oK5gat5AHllSMJzY+UMbttJvAjoUGzicXxLHoIwb6DTHpfcf2pADYUndiw5kSYHo+2Xd/+U1c9D8FUOJ+JHAFw==",
      "dev": true,
      "requires": {
        "@volar/code-gen": "0.34.10",
        "@volar/source-map": "0.34.10",
        "@vue/compiler-core": "^3.2.31",
        "@vue/compiler-dom": "^3.2.31",
        "@vue/shared": "^3.2.31"
      }
    },
    "@volar/vue-typescript": {
      "version": "0.34.10",
      "resolved": "https://registry.npmmirror.com/@volar/vue-typescript/-/vue-typescript-0.34.10.tgz",
      "integrity": "sha512-FCGSqLC+T/AcBUFXoFniPKLa/fLslBuHsepUmId8dG5ROXZhQaJ5h4fkA87247SWb7z4o9mI6v86xevXEjRVKw==",
      "dev": true,
      "requires": {
        "@volar/code-gen": "0.34.10",
        "@volar/source-map": "0.34.10",
        "@volar/vue-code-gen": "0.34.10",
        "@vue/compiler-sfc": "^3.2.31",
        "@vue/reactivity": "^3.2.31"
      }
    },
    "@vue/compiler-core": {
      "version": "3.2.33",
      "resolved": "https://registry.npmmirror.com/@vue/compiler-core/-/compiler-core-3.2.33.tgz",
      "integrity": "sha512-AAmr52ji3Zhk7IKIuigX2osWWsb2nQE5xsdFYjdnmtQ4gymmqXbjLvkSE174+fF3A3kstYrTgGkqgOEbsdLDpw==",
      "requires": {
        "@babel/parser": "^7.16.4",
        "@vue/shared": "3.2.33",
        "estree-walker": "^2.0.2",
        "source-map": "^0.6.1"
      }
    },
    "@vue/compiler-dom": {
      "version": "3.2.33",
      "resolved": "https://registry.npmmirror.com/@vue/compiler-dom/-/compiler-dom-3.2.33.tgz",
      "integrity": "sha512-GhiG1C8X98Xz9QUX/RlA6/kgPBWJkjq0Rq6//5XTAGSYrTMBgcLpP9+CnlUg1TFxnnCVughAG+KZl28XJqw8uQ==",
      "requires": {
        "@vue/compiler-core": "3.2.33",
        "@vue/shared": "3.2.33"
      }
    },
    "@vue/compiler-sfc": {
      "version": "3.2.33",
      "resolved": "https://registry.npmmirror.com/@vue/compiler-sfc/-/compiler-sfc-3.2.33.tgz",
      "integrity": "sha512-H8D0WqagCr295pQjUYyO8P3IejM3vEzeCO1apzByAEaAR/WimhMYczHfZVvlCE/9yBaEu/eu9RdiWr0kF8b71Q==",
      "requires": {
        "@babel/parser": "^7.16.4",
        "@vue/compiler-core": "3.2.33",
        "@vue/compiler-dom": "3.2.33",
        "@vue/compiler-ssr": "3.2.33",
        "@vue/reactivity-transform": "3.2.33",
        "@vue/shared": "3.2.33",
        "estree-walker": "^2.0.2",
        "magic-string": "^0.25.7",
        "postcss": "^8.1.10",
        "source-map": "^0.6.1"
      }
    },
    "@vue/compiler-ssr": {
      "version": "3.2.33",
      "resolved": "https://registry.npmmirror.com/@vue/compiler-ssr/-/compiler-ssr-3.2.33.tgz",
      "integrity": "sha512-XQh1Xdk3VquDpXsnoCd7JnMoWec9CfAzQDQsaMcSU79OrrO2PNR0ErlIjm/mGq3GmBfkQjzZACV+7GhfRB8xMQ==",
      "requires": {
        "@vue/compiler-dom": "3.2.33",
        "@vue/shared": "3.2.33"
      }
    },
    "@vue/devtools-api": {
      "version": "6.1.4",
      "resolved": "https://registry.npmmirror.com/@vue/devtools-api/-/devtools-api-6.1.4.tgz",
      "integrity": "sha512-IiA0SvDrJEgXvVxjNkHPFfDx6SXw0b/TUkqMcDZWNg9fnCAHbTpoo59YfJ9QLFkwa3raau5vSlRVzMSLDnfdtQ=="
    },
    "@vue/reactivity": {
      "version": "3.2.33",
      "resolved": "https://registry.npmmirror.com/@vue/reactivity/-/reactivity-3.2.33.tgz",
      "integrity": "sha512-62Sq0mp9/0bLmDuxuLD5CIaMG2susFAGARLuZ/5jkU1FCf9EDbwUuF+BO8Ub3Rbodx0ziIecM/NsmyjardBxfQ==",
      "requires": {
        "@vue/shared": "3.2.33"
      }
    },
    "@vue/reactivity-transform": {
      "version": "3.2.33",
      "resolved": "https://registry.npmmirror.com/@vue/reactivity-transform/-/reactivity-transform-3.2.33.tgz",
      "integrity": "sha512-4UL5KOIvSQb254aqenW4q34qMXbfZcmEsV/yVidLUgvwYQQ/D21bGX3DlgPUGI3c4C+iOnNmDCkIxkILoX/Pyw==",
      "requires": {
        "@babel/parser": "^7.16.4",
        "@vue/compiler-core": "3.2.33",
        "@vue/shared": "3.2.33",
        "estree-walker": "^2.0.2",
        "magic-string": "^0.25.7"
      }
    },
    "@vue/runtime-core": {
      "version": "3.2.33",
      "resolved": "https://registry.npmmirror.com/@vue/runtime-core/-/runtime-core-3.2.33.tgz",
      "integrity": "sha512-N2D2vfaXsBPhzCV3JsXQa2NECjxP3eXgZlFqKh4tgakp3iX6LCGv76DLlc+IfFZq+TW10Y8QUfeihXOupJ1dGw==",
      "requires": {
        "@vue/reactivity": "3.2.33",
        "@vue/shared": "3.2.33"
      }
    },
    "@vue/runtime-dom": {
      "version": "3.2.33",
      "resolved": "https://registry.npmmirror.com/@vue/runtime-dom/-/runtime-dom-3.2.33.tgz",
      "integrity": "sha512-LSrJ6W7CZTSUygX5s8aFkraDWlO6K4geOwA3quFF2O+hC3QuAMZt/0Xb7JKE3C4JD4pFwCSO7oCrZmZ0BIJUnw==",
      "requires": {
        "@vue/runtime-core": "3.2.33",
        "@vue/shared": "3.2.33",
        "csstype": "^2.6.8"
      }
    },
    "@vue/server-renderer": {
      "version": "3.2.33",
      "resolved": "https://registry.npmmirror.com/@vue/server-renderer/-/server-renderer-3.2.33.tgz",
      "integrity": "sha512-4jpJHRD4ORv8PlbYi+/MfP8ec1okz6rybe36MdpkDrGIdEItHEUyaHSKvz+ptNEyQpALmmVfRteHkU9F8vxOew==",
      "requires": {
        "@vue/compiler-ssr": "3.2.33",
        "@vue/shared": "3.2.33"
      }
    },
    "@vue/shared": {
      "version": "3.2.33",
      "resolved": "https://registry.npmmirror.com/@vue/shared/-/shared-3.2.33.tgz",
      "integrity": "sha512-UBc1Pg1T3yZ97vsA2ueER0F6GbJebLHYlEi4ou1H5YL4KWvMOOWwpYo9/QpWq93wxKG6Wo13IY74Hcn/f7c7Bg=="
    },
    "anymatch": {
      "version": "3.1.2",
      "resolved": "https://registry.npmmirror.com/anymatch/-/anymatch-3.1.2.tgz",
      "integrity": "sha512-P43ePfOAIupkguHUycrc4qJ9kz8ZiuOUijaETwX7THt0Y/GNK7v0aa8rY816xWjZ7rJdA5XdMcpVFTKMq+RvWg==",
      "dev": true,
      "requires": {
        "normalize-path": "^3.0.0",
        "picomatch": "^2.0.4"
      }
    },
    "binary-extensions": {
      "version": "2.2.0",
      "resolved": "https://registry.npmmirror.com/binary-extensions/-/binary-extensions-2.2.0.tgz",
      "integrity": "sha512-jDctJ/IVQbZoJykoeHbhXpOlNBqGNcwXJKJog42E5HDPUwQTSdjCHdihjj0DlnheQ7blbT6dHOafNAiS8ooQKA==",
      "dev": true
    },
    "braces": {
      "version": "3.0.2",
      "resolved": "https://registry.npmmirror.com/braces/-/braces-3.0.2.tgz",
      "integrity": "sha512-b8um+L1RzM3WDSzvhm6gIz1yfTbBt6YTlcEKAvsmqCZZFw46z626lVj9j1yEPW33H5H+lBQpZMP1k8l+78Ha0A==",
      "dev": true,
      "requires": {
        "fill-range": "^7.0.1"
      }
    },
    "chokidar": {
      "version": "3.5.3",
      "resolved": "https://registry.npmmirror.com/chokidar/-/chokidar-3.5.3.tgz",
      "integrity": "sha512-Dr3sfKRP6oTcjf2JmUmFJfeVMvXBdegxB0iVQ5eb2V10uFJUCAS8OByZdVAyVb8xXNz3GjjTgj9kLWsZTqE6kw==",
      "dev": true,
      "requires": {
        "anymatch": "~3.1.2",
        "braces": "~3.0.2",
        "fsevents": "~2.3.2",
        "glob-parent": "~5.1.2",
        "is-binary-path": "~2.1.0",
        "is-glob": "~4.0.1",
        "normalize-path": "~3.0.0",
        "readdirp": "~3.6.0"
      }
    },
    "csstype": {
      "version": "2.6.20",
      "resolved": "https://registry.npmmirror.com/csstype/-/csstype-2.6.20.tgz",
      "integrity": "sha512-/WwNkdXfckNgw6S5R125rrW8ez139lBHWouiBvX8dfMFtcn6V81REDqnH7+CRpRipfYlyU1CmOnOxrmGcFOjeA=="
    },
    "esbuild": {
      "version": "0.14.38",
      "resolved": "https://registry.npmmirror.com/esbuild/-/esbuild-0.14.38.tgz",
      "integrity": "sha512-12fzJ0fsm7gVZX1YQ1InkOE5f9Tl7cgf6JPYXRJtPIoE0zkWAbHdPHVPPaLi9tYAcEBqheGzqLn/3RdTOyBfcA==",
      "dev": true,
      "requires": {
        "esbuild-android-64": "0.14.38",
        "esbuild-android-arm64": "0.14.38",
        "esbuild-darwin-64": "0.14.38",
        "esbuild-darwin-arm64": "0.14.38",
        "esbuild-freebsd-64": "0.14.38",
        "esbuild-freebsd-arm64": "0.14.38",
        "esbuild-linux-32": "0.14.38",
        "esbuild-linux-64": "0.14.38",
        "esbuild-linux-arm": "0.14.38",
        "esbuild-linux-arm64": "0.14.38",
        "esbuild-linux-mips64le": "0.14.38",
        "esbuild-linux-ppc64le": "0.14.38",
        "esbuild-linux-riscv64": "0.14.38",
        "esbuild-linux-s390x": "0.14.38",
        "esbuild-netbsd-64": "0.14.38",
        "esbuild-openbsd-64": "0.14.38",
        "esbuild-sunos-64": "0.14.38",
        "esbuild-windows-32": "0.14.38",
        "esbuild-windows-64": "0.14.38",
        "esbuild-windows-arm64": "0.14.38"
      }
    },
    "esbuild-windows-32": {
      "version": "0.14.38",
      "resolved": "https://registry.npmmirror.com/esbuild-windows-32/-/esbuild-windows-32-0.14.38.tgz",
      "integrity": "sha512-L2BmEeFZATAvU+FJzJiRLFUP+d9RHN+QXpgaOrs2klshoAm1AE6Us4X6fS9k33Uy5SzScn2TpcgecbqJza1Hjw==",
      "dev": true,
      "optional": true
    },
    "estree-walker": {
      "version": "2.0.2",
      "resolved": "https://registry.npmmirror.com/estree-walker/-/estree-walker-2.0.2.tgz",
      "integrity": "sha512-Rfkk/Mp/DL7JVje3u18FxFujQlTNR2q6QfMSMB7AvCBx91NGj/ba3kCfza0f6dVDbw7YlRf/nDrn7pQrCCyQ/w=="
    },
    "fill-range": {
      "version": "7.0.1",
      "resolved": "https://registry.npmmirror.com/fill-range/-/fill-range-7.0.1.tgz",
      "integrity": "sha512-qOo9F+dMUmC2Lcb4BbVvnKJxTPjCm+RRpe4gDuGrzkL7mEVl/djYSu2OdQ2Pa302N4oqkSg9ir6jaLWJ2USVpQ==",
      "dev": true,
      "requires": {
        "to-regex-range": "^5.0.1"
      }
    },
    "function-bind": {
      "version": "1.1.1",
      "resolved": "https://registry.npmmirror.com/function-bind/-/function-bind-1.1.1.tgz",
      "integrity": "sha512-yIovAzMX49sF8Yl58fSCWJ5svSLuaibPxXQJFLmBObTuCr0Mf1KiPopGM9NiFjiYBCbfaa2Fh6breQ6ANVTI0A==",
      "dev": true
    },
    "glob-parent": {
      "version": "5.1.2",
      "resolved": "https://registry.npmmirror.com/glob-parent/-/glob-parent-5.1.2.tgz",
      "integrity": "sha512-AOIgSQCepiJYwP3ARnGx+5VnTu2HBYdzbGP45eLw1vr3zB3vZLeyed1sC9hnbcOc9/SrMyM5RPQrkGz4aS9Zow==",
      "dev": true,
      "requires": {
        "is-glob": "^4.0.1"
      }
    },
    "has": {
      "version": "1.0.3",
      "resolved": "https://registry.npmmirror.com/has/-/has-1.0.3.tgz",
      "integrity": "sha512-f2dvO0VU6Oej7RkWJGrehjbzMAjFp5/VKPp5tTpWIV4JHHZK1/BxbFRtf/siA2SWTe09caDmVtYYzWEIbBS4zw==",
      "dev": true,
      "requires": {
        "function-bind": "^1.1.1"
      }
    },
    "immutable": {
      "version": "4.0.0",
      "resolved": "https://registry.npmmirror.com/immutable/-/immutable-4.0.0.tgz",
      "integrity": "sha512-zIE9hX70qew5qTUjSS7wi1iwj/l7+m54KWU247nhM3v806UdGj1yDndXj+IOYxxtW9zyLI+xqFNZjTuDaLUqFw==",
      "dev": true
    },
    "is-binary-path": {
      "version": "2.1.0",
      "resolved": "https://registry.npmmirror.com/is-binary-path/-/is-binary-path-2.1.0.tgz",
      "integrity": "sha512-ZMERYes6pDydyuGidse7OsHxtbI7WVeUEozgR/g7rd0xUimYNlvZRE/K2MgZTjWy725IfelLeVcEM97mmtRGXw==",
      "dev": true,
      "requires": {
        "binary-extensions": "^2.0.0"
      }
    },
    "is-core-module": {
      "version": "2.9.0",
      "resolved": "https://registry.npmmirror.com/is-core-module/-/is-core-module-2.9.0.tgz",
      "integrity": "sha512-+5FPy5PnwmO3lvfMb0AsoPaBG+5KHUI0wYFXOtYPnVVVspTFUuMZNfNaNVRt3FZadstu2c8x23vykRW/NBoU6A==",
      "dev": true,
      "requires": {
        "has": "^1.0.3"
      }
    },
    "is-extglob": {
      "version": "2.1.1",
      "resolved": "https://registry.npmmirror.com/is-extglob/-/is-extglob-2.1.1.tgz",
      "integrity": "sha512-SbKbANkN603Vi4jEZv49LeVJMn4yGwsbzZworEoyEiutsN3nJYdbO36zfhGJ6QEDpOZIFkDtnq5JRxmvl3jsoQ==",
      "dev": true
    },
    "is-glob": {
      "version": "4.0.3",
      "resolved": "https://registry.npmmirror.com/is-glob/-/is-glob-4.0.3.tgz",
      "integrity": "sha512-xelSayHH36ZgE7ZWhli7pW34hNbNl8Ojv5KVmkJD4hBdD3th8Tfk9vYasLM+mXWOZhFkgZfxhLSnrwRr4elSSg==",
      "dev": true,
      "requires": {
        "is-extglob": "^2.1.1"
      }
    },
    "is-number": {
      "version": "7.0.0",
      "resolved": "https://registry.npmmirror.com/is-number/-/is-number-7.0.0.tgz",
      "integrity": "sha512-41Cifkg6e8TylSpdtTpeLVMqvSBEVzTttHvERD741+pnZ8ANv0004MRL43QKPDlK9cGvNp6NZWZUBlbGXYxxng==",
      "dev": true
    },
    "lodash": {
      "version": "4.17.21",
      "resolved": "https://registry.npmmirror.com/lodash/-/lodash-4.17.21.tgz",
      "integrity": "sha512-v2kDEe57lecTulaDIuNTPy3Ry4gLGJ6Z1O3vE1krgXZNrsQ+LFTGHVxVjcXPs17LhbZVGedAJv8XZ1tvj5FvSg=="
    },
    "magic-string": {
      "version": "0.25.9",
      "resolved": "https://registry.npmmirror.com/magic-string/-/magic-string-0.25.9.tgz",
      "integrity": "sha512-RmF0AsMzgt25qzqqLc1+MbHmhdx0ojF2Fvs4XnOqz2ZOBXzzkEwc/dJQZCYHAn7v1jbVOjAZfK8msRn4BxO4VQ==",
      "requires": {
        "sourcemap-codec": "^1.4.8"
      }
    },
    "nanoid": {
      "version": "3.3.3",
      "resolved": "https://registry.npmmirror.com/nanoid/-/nanoid-3.3.3.tgz",
      "integrity": "sha512-p1sjXuopFs0xg+fPASzQ28agW1oHD7xDsd9Xkf3T15H3c/cifrFHVwrh74PdoklAPi+i7MdRsE47vm2r6JoB+w=="
    },
    "normalize-path": {
      "version": "3.0.0",
      "resolved": "https://registry.npmmirror.com/normalize-path/-/normalize-path-3.0.0.tgz",
      "integrity": "sha512-6eZs5Ls3WtCisHWp9S2GUy8dqkpGi4BVSz3GaqiE6ezub0512ESztXUwUB6C6IKbQkY2Pnb/mD4WYojCRwcwLA==",
      "dev": true
    },
    "path-parse": {
      "version": "1.0.7",
      "resolved": "https://registry.npmmirror.com/path-parse/-/path-parse-1.0.7.tgz",
      "integrity": "sha512-LDJzPVEEEPR+y48z93A0Ed0yXb8pAByGWo/k5YYdYgpY2/2EsOsksJrq7lOHxryrVOn1ejG6oAp8ahvOIQD8sw==",
      "dev": true
    },
    "picocolors": {
      "version": "1.0.0",
      "resolved": "https://registry.npmmirror.com/picocolors/-/picocolors-1.0.0.tgz",
      "integrity": "sha512-1fygroTLlHu66zi26VoTDv8yRgm0Fccecssto+MhsZ0D/DGW2sm8E8AjW7NU5VVTRt5GxbeZ5qBuJr+HyLYkjQ=="
    },
    "picomatch": {
      "version": "2.3.1",
      "resolved": "https://registry.npmmirror.com/picomatch/-/picomatch-2.3.1.tgz",
      "integrity": "sha512-JU3teHTNjmE2VCGFzuY8EXzCDVwEqB2a8fsIvwaStHhAWJEeVd1o1QD80CU6+ZdEXXSLbSsuLwJjkCBWqRQUVA==",
      "dev": true
    },
    "postcss": {
      "version": "8.4.12",
      "resolved": "https://registry.npmmirror.com/postcss/-/postcss-8.4.12.tgz",
      "integrity": "sha512-lg6eITwYe9v6Hr5CncVbK70SoioNQIq81nsaG86ev5hAidQvmOeETBqs7jm43K2F5/Ley3ytDtriImV6TpNiSg==",
      "requires": {
        "nanoid": "^3.3.1",
        "picocolors": "^1.0.0",
        "source-map-js": "^1.0.2"
      }
    },
    "readdirp": {
      "version": "3.6.0",
      "resolved": "https://registry.npmmirror.com/readdirp/-/readdirp-3.6.0.tgz",
      "integrity": "sha512-hOS089on8RduqdbhvQ5Z37A0ESjsqz6qnRcffsMU3495FuTdqSm+7bhJ29JvIOsBDEEnan5DPu9t3To9VRlMzA==",
      "dev": true,
      "requires": {
        "picomatch": "^2.2.1"
      }
    },
    "resolve": {
      "version": "1.22.0",
      "resolved": "https://registry.npmmirror.com/resolve/-/resolve-1.22.0.tgz",
      "integrity": "sha512-Hhtrw0nLeSrFQ7phPp4OOcVjLPIeMnRlr5mcnVuMe7M/7eBn98A3hmFRLoFo3DLZkivSYwhRUJTyPyWAk56WLw==",
      "dev": true,
      "requires": {
        "is-core-module": "^2.8.1",
        "path-parse": "^1.0.7",
        "supports-preserve-symlinks-flag": "^1.0.0"
      }
    },
    "rollup": {
      "version": "2.70.2",
      "resolved": "https://registry.npmmirror.com/rollup/-/rollup-2.70.2.tgz",
      "integrity": "sha512-EitogNZnfku65I1DD5Mxe8JYRUCy0hkK5X84IlDtUs+O6JRMpRciXTzyCUuX11b5L5pvjH+OmFXiQ3XjabcXgg==",
      "dev": true,
      "requires": {
        "fsevents": "~2.3.2"
      }
    },
    "sass": {
      "version": "1.51.0",
      "resolved": "https://registry.npmmirror.com/sass/-/sass-1.51.0.tgz",
      "integrity": "sha512-haGdpTgywJTvHC2b91GSq+clTKGbtkkZmVAb82jZQN/wTy6qs8DdFm2lhEQbEwrY0QDRgSQ3xDurqM977C3noA==",
      "dev": true,
      "requires": {
        "chokidar": ">=3.0.0 <4.0.0",
        "immutable": "^4.0.0",
        "source-map-js": ">=0.6.2 <2.0.0"
      }
    },
    "source-map": {
      "version": "0.6.1",
      "resolved": "https://registry.npmmirror.com/source-map/-/source-map-0.6.1.tgz",
      "integrity": "sha512-UjgapumWlbMhkBgzT7Ykc5YXUT46F0iKu8SGXq0bcwP5dz/h0Plj6enJqjz1Zbq2l5WaqYnrVbwWOWMyF3F47g=="
    },
    "source-map-js": {
      "version": "1.0.2",
      "resolved": "https://registry.npmmirror.com/source-map-js/-/source-map-js-1.0.2.tgz",
      "integrity": "sha512-R0XvVJ9WusLiqTCEiGCmICCMplcCkIwwR11mOSD9CR5u+IXYdiseeEuXCVAjS54zqwkLcPNnmU4OeJ6tUrWhDw=="
    },
    "sourcemap-codec": {
      "version": "1.4.8",
      "resolved": "https://registry.npmmirror.com/sourcemap-codec/-/sourcemap-codec-1.4.8.tgz",
      "integrity": "sha512-9NykojV5Uih4lgo5So5dtw+f0JgJX30KCNI8gwhz2J9A15wD0Ml6tjHKwf6fTSa6fAdVBdZeNOs9eJ71qCk8vA=="
    },
    "supports-preserve-symlinks-flag": {
      "version": "1.0.0",
      "resolved": "https://registry.npmmirror.com/supports-preserve-symlinks-flag/-/supports-preserve-symlinks-flag-1.0.0.tgz",
      "integrity": "sha512-ot0WnXS9fgdkgIcePe6RHNk1WA8+muPa6cSjeR3V8K27q9BB1rTE3R1p7Hv0z1ZyAc8s6Vvv8DIyWf681MAt0w==",
      "dev": true
    },
    "to-regex-range": {
      "version": "5.0.1",
      "resolved": "https://registry.npmmirror.com/to-regex-range/-/to-regex-range-5.0.1.tgz",
      "integrity": "sha512-65P7iz6X5yEr1cwcgvQxbbIw7Uk3gOy5dIdtZ4rDveLqhrdJP+Li/Hx6tyK0NEb+2GCyneCMJiGqrADCSNk8sQ==",
      "dev": true,
      "requires": {
        "is-number": "^7.0.0"
      }
    },
    "typescript": {
      "version": "4.6.3",
      "resolved": "https://registry.npmmirror.com/typescript/-/typescript-4.6.3.tgz",
      "integrity": "sha512-yNIatDa5iaofVozS/uQJEl3JRWLKKGJKh6Yaiv0GLGSuhpFJe7P3SbHZ8/yjAHRQwKRoA6YZqlfjXWmVzoVSMw==",
      "dev": true
    },
    "vite": {
      "version": "2.9.6",
      "resolved": "https://registry.npmmirror.com/vite/-/vite-2.9.6.tgz",
      "integrity": "sha512-3IffdrByHW95Yjv0a13TQOQfJs7L5dVlSPuTt432XLbRMriWbThqJN2k/IS6kXn5WY4xBLhK9XoaWay1B8VzUw==",
      "dev": true,
      "requires": {
        "esbuild": "^0.14.27",
        "fsevents": "~2.3.2",
        "postcss": "^8.4.12",
        "resolve": "^1.22.0",
        "rollup": "^2.59.0"
      }
    },
    "vue": {
      "version": "3.2.33",
      "resolved": "https://registry.npmmirror.com/vue/-/vue-3.2.33.tgz",
      "integrity": "sha512-si1ExAlDUrLSIg/V7D/GgA4twJwfsfgG+t9w10z38HhL/HA07132pUQ2KuwAo8qbCyMJ9e6OqrmWrOCr+jW7ZQ==",
      "requires": {
        "@vue/compiler-dom": "3.2.33",
        "@vue/compiler-sfc": "3.2.33",
        "@vue/runtime-dom": "3.2.33",
        "@vue/server-renderer": "3.2.33",
        "@vue/shared": "3.2.33"
      }
    },
    "vue-router": {
      "version": "4.0.14",
      "resolved": "https://registry.npmmirror.com/vue-router/-/vue-router-4.0.14.tgz",
      "integrity": "sha512-wAO6zF9zxA3u+7AkMPqw9LjoUCjSxfFvINQj3E/DceTt6uEz1XZLraDhdg2EYmvVwTBSGlLYsUw8bDmx0754Mw==",
      "requires": {
        "@vue/devtools-api": "^6.0.0"
      }
    },
    "vue-tsc": {
      "version": "0.34.10",
      "resolved": "https://registry.npmmirror.com/vue-tsc/-/vue-tsc-0.34.10.tgz",
      "integrity": "sha512-rWU4SjDqk9ylQN2hbnyP+rEu8W2a712DWUmciX6rDnId1m8sN/cuypTKjWjHHjaBLWNKULoEakRTOvrQ4ainhw==",
      "dev": true,
      "requires": {
        "@volar/vue-typescript": "0.34.10"
      }
    }
  }
}
